PODS:
  - HaidoraTableViewManager (2.0.5)

DEPENDENCIES:
  - HaidoraTableViewManager (from `../`)

EXTERNAL SOURCES:
  HaidoraTableViewManager:
    :path: ../

SPEC CHECKSUMS:
  HaidoraTableViewManager: f03cba076c9d27d04e366c92facdcb2e4a387c6c

PODFILE CHECKSUM: 714fdc5031205a9db464af6ef063d1ffa5036053

COCOAPODS: 1.4.0
